
Microsoft Visual Studio Solution File, Format Version 12.00
# Visual Studio Version 16
VisualStudioVersion = 16.0.31515.178
MinimumVisualStudioVersion = 10.0.40219.1
Project("{FAE04EC0-301F-11D3-BF4B-00C04F79EFBC}") = "Segunda_Interfaz", "Segunda_Interfaz\Segunda_Interfaz.csproj", "{2A8CA4E0-CD0B-4F31-AFCF-6E3163E129DE}"
EndProject
Global
	GlobalSection(SolutionConfigurationPlatforms) = preSolution
		Debug|Any CPU = Debug|Any CPU
		Release|Any CPU = Release|Any CPU
	EndGlobalSection
	GlobalSection(ProjectConfigurationPlatforms) = postSolution
		{2A8CA4E0-CD0B-4F31-AFCF-6E3163E129DE}.Debug|Any CPU.ActiveCfg = Debug|Any CPU
		{2A8CA4E0-CD0B-4F31-AFCF-6E3163E129DE}.Debug|Any CPU.Build.0 = Debug|Any CPU
		{2A8CA4E0-CD0B-4F31-AFCF-6E3163E129DE}.Release|Any CPU.ActiveCfg = Release|Any CPU
		{2A8CA4E0-CD0B-4F31-AFCF-6E3163E129DE}.Release|Any CPU.Build.0 = Release|Any CPU
	EndGlobalSection
	GlobalSection(SolutionProperties) = preSolution
		HideSolutionNode = FALSE
	EndGlobalSection
	GlobalSection(ExtensibilityGlobals) = postSolution
		SolutionGuid = {1A78661D-4B90-4F15-95D3-515E9467D96A}
	EndGlobalSection
EndGlobal
