
Microsoft Visual Studio Solution File, Format Version 12.00
# Visual Studio Version 16
VisualStudioVersion = 16.0.31515.178
MinimumVisualStudioVersion = 10.0.40219.1
Project("{FAE04EC0-301F-11D3-BF4B-00C04F79EFBC}") = "Interfaz_usuario_dataBinding", "Interfaz_usuario_dataBinding\Interfaz_usuario_dataBinding.csproj", "{09FF5EEC-B81E-4B4A-933F-9122F2131B25}"
EndProject
Global
	GlobalSection(SolutionConfigurationPlatforms) = preSolution
		Debug|Any CPU = Debug|Any CPU
		Release|Any CPU = Release|Any CPU
	EndGlobalSection
	GlobalSection(ProjectConfigurationPlatforms) = postSolution
		{09FF5EEC-B81E-4B4A-933F-9122F2131B25}.Debug|Any CPU.ActiveCfg = Debug|Any CPU
		{09FF5EEC-B81E-4B4A-933F-9122F2131B25}.Debug|Any CPU.Build.0 = Debug|Any CPU
		{09FF5EEC-B81E-4B4A-933F-9122F2131B25}.Release|Any CPU.ActiveCfg = Release|Any CPU
		{09FF5EEC-B81E-4B4A-933F-9122F2131B25}.Release|Any CPU.Build.0 = Release|Any CPU
	EndGlobalSection
	GlobalSection(SolutionProperties) = preSolution
		HideSolutionNode = FALSE
	EndGlobalSection
	GlobalSection(ExtensibilityGlobals) = postSolution
		SolutionGuid = {A84479A7-10DB-42AD-B4F7-87B7E9823E1D}
	EndGlobalSection
EndGlobal
