
Microsoft Visual Studio Solution File, Format Version 12.00
# Visual Studio Version 16
VisualStudioVersion = 16.0.31515.178
MinimumVisualStudioVersion = 10.0.40219.1
Project("{FAE04EC0-301F-11D3-BF4B-00C04F79EFBC}") = "Primera_Interfaz", "Primera_Interfaz\Primera_Interfaz.csproj", "{FFDBCE4B-E4B6-45AD-B209-14339A0AA21C}"
EndProject
Global
	GlobalSection(SolutionConfigurationPlatforms) = preSolution
		Debug|Any CPU = Debug|Any CPU
		Release|Any CPU = Release|Any CPU
	EndGlobalSection
	GlobalSection(ProjectConfigurationPlatforms) = postSolution
		{FFDBCE4B-E4B6-45AD-B209-14339A0AA21C}.Debug|Any CPU.ActiveCfg = Debug|Any CPU
		{FFDBCE4B-E4B6-45AD-B209-14339A0AA21C}.Debug|Any CPU.Build.0 = Debug|Any CPU
		{FFDBCE4B-E4B6-45AD-B209-14339A0AA21C}.Release|Any CPU.ActiveCfg = Release|Any CPU
		{FFDBCE4B-E4B6-45AD-B209-14339A0AA21C}.Release|Any CPU.Build.0 = Release|Any CPU
	EndGlobalSection
	GlobalSection(SolutionProperties) = preSolution
		HideSolutionNode = FALSE
	EndGlobalSection
	GlobalSection(ExtensibilityGlobals) = postSolution
		SolutionGuid = {40D85DDD-74F8-463C-82FD-450939CA3A4B}
	EndGlobalSection
EndGlobal
